
Microsoft Visual Studio Solution File, Format Version 11.00
# Visual Studio 2010
Project("{2150E333-8FDC-42A3-9474-1A3956D46DE8}") = "Solution Items", "Solution Items", "{AEDC84A2-FAC0-4E77-BA01-A26ADBF1DC85}"
	ProjectSection(SolutionItems) = preProject
		AssertRouting1.vsmdi = AssertRouting1.vsmdi
		Local.testsettings = Local.testsettings
		TraceAndTestImpact.testsettings = TraceAndTestImpact.testsettings
	EndProjectSection
EndProject
Project("{FAE04EC0-301F-11D3-BF4B-00C04F79EFBC}") = "AssertRouting", "AssertRouting\AssertRouting.csproj", "{F77F4B8F-AA58-45F5-AF10-DC3794223CEA}"
EndProject
Project("{FAE04EC0-301F-11D3-BF4B-00C04F79EFBC}") = "AssertRouting.Tests", "AssertRouting.Tests\AssertRouting.Tests.csproj", "{E72D1F3B-D191-41E6-9FB7-D0630D51F365}"
EndProject
Global
	GlobalSection(TestCaseManagementSettings) = postSolution
		CategoryFile = AssertRouting1.vsmdi
	EndGlobalSection
	GlobalSection(SolutionConfigurationPlatforms) = preSolution
		Debug|Any CPU = Debug|Any CPU
		Release|Any CPU = Release|Any CPU
	EndGlobalSection
	GlobalSection(ProjectConfigurationPlatforms) = postSolution
		{F77F4B8F-AA58-45F5-AF10-DC3794223CEA}.Debug|Any CPU.ActiveCfg = Debug|Any CPU
		{F77F4B8F-AA58-45F5-AF10-DC3794223CEA}.Debug|Any CPU.Build.0 = Debug|Any CPU
		{F77F4B8F-AA58-45F5-AF10-DC3794223CEA}.Release|Any CPU.ActiveCfg = Release|Any CPU
		{F77F4B8F-AA58-45F5-AF10-DC3794223CEA}.Release|Any CPU.Build.0 = Release|Any CPU
		{E72D1F3B-D191-41E6-9FB7-D0630D51F365}.Debug|Any CPU.ActiveCfg = Debug|Any CPU
		{E72D1F3B-D191-41E6-9FB7-D0630D51F365}.Debug|Any CPU.Build.0 = Debug|Any CPU
		{E72D1F3B-D191-41E6-9FB7-D0630D51F365}.Release|Any CPU.ActiveCfg = Release|Any CPU
		{E72D1F3B-D191-41E6-9FB7-D0630D51F365}.Release|Any CPU.Build.0 = Release|Any CPU
	EndGlobalSection
	GlobalSection(SolutionProperties) = preSolution
		HideSolutionNode = FALSE
	EndGlobalSection
EndGlobal
